// !$*UTF8*$!
{
	archiveVersion = 1;
	classes = {
	};
	objectVersion = 56;
	objects = {

/* Begin PBXBuildFile section */
		76234E072BBE7AA0006ACA2F /* AppDelegate.swift in Sources */ = {isa = PBXBuildFile; fileRef = 76234E062BBE7AA0006ACA2F /* AppDelegate.swift */; };
		76234E092BBE7AA0006ACA2F /* SceneDelegate.swift in Sources */ = {isa = PBXBuildFile; fileRef = 76234E082BBE7AA0006ACA2F /* SceneDelegate.swift */; };
		76234E102BBE7AA2006ACA2F /* Assets.xcassets in Resources */ = {isa = PBXBuildFile; fileRef = 76234E0F2BBE7AA2006ACA2F /* Assets.xcassets */; };
		76234E132BBE7AA2006ACA2F /* LaunchScreen.storyboard in Resources */ = {isa = PBXBuildFile; fileRef = 76234E112BBE7AA2006ACA2F /* LaunchScreen.storyboard */; };
		76234E1B2BBE7AE5006ACA2F /* HomeViewController.swift in Sources */ = {isa = PBXBuildFile; fileRef = 76234E1A2BBE7AE5006ACA2F /* HomeViewController.swift */; };
		76234E1E2BBE7B63006ACA2F /* SnapKit in Frameworks */ = {isa = PBXBuildFile; productRef = 76234E1D2BBE7B63006ACA2F /* SnapKit */; };
		76234E212BBE7B78006ACA2F /* Then in Frameworks */ = {isa = PBXBuildFile; productRef = 76234E202BBE7B78006ACA2F /* Then */; };
		76234E272BBE9362006ACA2F /* BaseTabBarController.swift in Sources */ = {isa = PBXBuildFile; fileRef = 76234E262BBE9362006ACA2F /* BaseTabBarController.swift */; };
		76234E2A2BBE9398006ACA2F /* UITabBarController+Extension.swift in Sources */ = {isa = PBXBuildFile; fileRef = 76234E292BBE9398006ACA2F /* UITabBarController+Extension.swift */; };
		76234E2C2BBE9462006ACA2F /* TabBarNavigationManager.swift in Sources */ = {isa = PBXBuildFile; fileRef = 76234E2B2BBE9462006ACA2F /* TabBarNavigationManager.swift */; };
		76234E322BBE94A0006ACA2F /* HomeNavigationViewController.swift in Sources */ = {isa = PBXBuildFile; fileRef = 76234E312BBE94A0006ACA2F /* HomeNavigationViewController.swift */; };
		76234E342BBE94B8006ACA2F /* SearchViewController.swift in Sources */ = {isa = PBXBuildFile; fileRef = 76234E332BBE94B8006ACA2F /* SearchViewController.swift */; };
		76234E362BBE94C7006ACA2F /* SearchNavigationViewController.swift in Sources */ = {isa = PBXBuildFile; fileRef = 76234E352BBE94C7006ACA2F /* SearchNavigationViewController.swift */; };
		76234E382BBE94D1006ACA2F /* MyListNavigationViewController.swift in Sources */ = {isa = PBXBuildFile; fileRef = 76234E372BBE94D1006ACA2F /* MyListNavigationViewController.swift */; };
		76234E3A2BBE94DA006ACA2F /* MyListViewController.swift in Sources */ = {isa = PBXBuildFile; fileRef = 76234E392BBE94DA006ACA2F /* MyListViewController.swift */; };
		76234E3C2BBE94E2006ACA2F /* SettingViewController.swift in Sources */ = {isa = PBXBuildFile; fileRef = 76234E3B2BBE94E2006ACA2F /* SettingViewController.swift */; };
		76234E3E2BBE94F2006ACA2F /* SettingNavigationViewController.swift in Sources */ = {isa = PBXBuildFile; fileRef = 76234E3D2BBE94F2006ACA2F /* SettingNavigationViewController.swift */; };
		76234E402BBE962D006ACA2F /* BaseUIViewController.swift in Sources */ = {isa = PBXBuildFile; fileRef = 76234E3F2BBE962D006ACA2F /* BaseUIViewController.swift */; };
		76234E452BBEA0D6006ACA2F /* TabBarAnimatedTransitioning.swift in Sources */ = {isa = PBXBuildFile; fileRef = 76234E442BBEA0D6006ACA2F /* TabBarAnimatedTransitioning.swift */; };
		76234E482BBF8498006ACA2F /* RxCocoa in Frameworks */ = {isa = PBXBuildFile; productRef = 76234E472BBF8498006ACA2F /* RxCocoa */; };
		76234E4A2BBF8498006ACA2F /* RxRelay in Frameworks */ = {isa = PBXBuildFile; productRef = 76234E492BBF8498006ACA2F /* RxRelay */; };
		76234E4D2BBF84EC006ACA2F /* RxGesture in Frameworks */ = {isa = PBXBuildFile; productRef = 76234E4C2BBF84EC006ACA2F /* RxGesture */; };
		76234E4F2BBF8596006ACA2F /* DeviceUI.swift in Sources */ = {isa = PBXBuildFile; fileRef = 76234E4E2BBF8596006ACA2F /* DeviceUI.swift */; };
		76234E512BBF878F006ACA2F /* CustomTabItem.swift in Sources */ = {isa = PBXBuildFile; fileRef = 76234E502BBF878F006ACA2F /* CustomTabItem.swift */; };
		76234E532BBF88BC006ACA2F /* CustomItemView.swift in Sources */ = {isa = PBXBuildFile; fileRef = 76234E522BBF88BC006ACA2F /* CustomItemView.swift */; };
		76234E552BBF8A4B006ACA2F /* CustomTabBar.swift in Sources */ = {isa = PBXBuildFile; fileRef = 76234E542BBF8A4B006ACA2F /* CustomTabBar.swift */; };
		76234E572BBF8B63006ACA2F /* UIView+Extension.swift in Sources */ = {isa = PBXBuildFile; fileRef = 76234E562BBF8B63006ACA2F /* UIView+Extension.swift */; };
/* End PBXBuildFile section */

/* Begin PBXFileReference section */
		76234E032BBE7AA0006ACA2F /* GeekReport.app */ = {isa = PBXFileReference; explicitFileType = wrapper.application; includeInIndex = 0; path = GeekReport.app; sourceTree = BUILT_PRODUCTS_DIR; };
		76234E062BBE7AA0006ACA2F /* AppDelegate.swift */ = {isa = PBXFileReference; lastKnownFileType = sourcecode.swift; path = AppDelegate.swift; sourceTree = "<group>"; };
		76234E082BBE7AA0006ACA2F /* SceneDelegate.swift */ = {isa = PBXFileReference; lastKnownFileType = sourcecode.swift; path = SceneDelegate.swift; sourceTree = "<group>"; };
		76234E0F2BBE7AA2006ACA2F /* Assets.xcassets */ = {isa = PBXFileReference; lastKnownFileType = folder.assetcatalog; path = Assets.xcassets; sourceTree = "<group>"; };
		76234E122BBE7AA2006ACA2F /* Base */ = {isa = PBXFileReference; lastKnownFileType = file.storyboard; name = Base; path = Base.lproj/LaunchScreen.storyboard; sourceTree = "<group>"; };
		76234E142BBE7AA2006ACA2F /* Info.plist */ = {isa = PBXFileReference; lastKnownFileType = text.plist.xml; path = Info.plist; sourceTree = "<group>"; };
		76234E1A2BBE7AE5006ACA2F /* HomeViewController.swift */ = {isa = PBXFileReference; lastKnownFileType = sourcecode.swift; path = HomeViewController.swift; sourceTree = "<group>"; };
		76234E262BBE9362006ACA2F /* BaseTabBarController.swift */ = {isa = PBXFileReference; lastKnownFileType = sourcecode.swift; path = BaseTabBarController.swift; sourceTree = "<group>"; };
		76234E292BBE9398006ACA2F /* UITabBarController+Extension.swift */ = {isa = PBXFileReference; lastKnownFileType = sourcecode.swift; path = "UITabBarController+Extension.swift"; sourceTree = "<group>"; };
		76234E2B2BBE9462006ACA2F /* TabBarNavigationManager.swift */ = {isa = PBXFileReference; lastKnownFileType = sourcecode.swift; path = TabBarNavigationManager.swift; sourceTree = "<group>"; };
		76234E312BBE94A0006ACA2F /* HomeNavigationViewController.swift */ = {isa = PBXFileReference; lastKnownFileType = sourcecode.swift; path = HomeNavigationViewController.swift; sourceTree = "<group>"; };
		76234E332BBE94B8006ACA2F /* SearchViewController.swift */ = {isa = PBXFileReference; lastKnownFileType = sourcecode.swift; path = SearchViewController.swift; sourceTree = "<group>"; };
		76234E352BBE94C7006ACA2F /* SearchNavigationViewController.swift */ = {isa = PBXFileReference; lastKnownFileType = sourcecode.swift; path = SearchNavigationViewController.swift; sourceTree = "<group>"; };
		76234E372BBE94D1006ACA2F /* MyListNavigationViewController.swift */ = {isa = PBXFileReference; lastKnownFileType = sourcecode.swift; path = MyListNavigationViewController.swift; sourceTree = "<group>"; };
		76234E392BBE94DA006ACA2F /* MyListViewController.swift */ = {isa = PBXFileReference; lastKnownFileType = sourcecode.swift; path = MyListViewController.swift; sourceTree = "<group>"; };
		76234E3B2BBE94E2006ACA2F /* SettingViewController.swift */ = {isa = PBXFileReference; lastKnownFileType = sourcecode.swift; path = SettingViewController.swift; sourceTree = "<group>"; };
		76234E3D2BBE94F2006ACA2F /* SettingNavigationViewController.swift */ = {isa = PBXFileReference; lastKnownFileType = sourcecode.swift; path = SettingNavigationViewController.swift; sourceTree = "<group>"; };
		76234E3F2BBE962D006ACA2F /* BaseUIViewController.swift */ = {isa = PBXFileReference; lastKnownFileType = sourcecode.swift; path = BaseUIViewController.swift; sourceTree = "<group>"; };
		76234E442BBEA0D6006ACA2F /* TabBarAnimatedTransitioning.swift */ = {isa = PBXFileReference; lastKnownFileType = sourcecode.swift; path = TabBarAnimatedTransitioning.swift; sourceTree = "<group>"; };
		76234E4E2BBF8596006ACA2F /* DeviceUI.swift */ = {isa = PBXFileReference; lastKnownFileType = sourcecode.swift; path = DeviceUI.swift; sourceTree = "<group>"; };
		76234E502BBF878F006ACA2F /* CustomTabItem.swift */ = {isa = PBXFileReference; lastKnownFileType = sourcecode.swift; path = CustomTabItem.swift; sourceTree = "<group>"; };
		76234E522BBF88BC006ACA2F /* CustomItemView.swift */ = {isa = PBXFileReference; lastKnownFileType = sourcecode.swift; path = CustomItemView.swift; sourceTree = "<group>"; };
		76234E542BBF8A4B006ACA2F /* CustomTabBar.swift */ = {isa = PBXFileReference; lastKnownFileType = sourcecode.swift; path = CustomTabBar.swift; sourceTree = "<group>"; };
		76234E562BBF8B63006ACA2F /* UIView+Extension.swift */ = {isa = PBXFileReference; lastKnownFileType = sourcecode.swift; path = "UIView+Extension.swift"; sourceTree = "<group>"; };
/* End PBXFileReference section */

/* Begin PBXFrameworksBuildPhase section */
		76234E002BBE7AA0006ACA2F /* Frameworks */ = {
			isa = PBXFrameworksBuildPhase;
			buildActionMask = 2147483647;
			files = (
				76234E482BBF8498006ACA2F /* RxCocoa in Frameworks */,
				76234E1E2BBE7B63006ACA2F /* SnapKit in Frameworks */,
				76234E4D2BBF84EC006ACA2F /* RxGesture in Frameworks */,
				76234E4A2BBF8498006ACA2F /* RxRelay in Frameworks */,
				76234E212BBE7B78006ACA2F /* Then in Frameworks */,
			);
			runOnlyForDeploymentPostprocessing = 0;
		};
/* End PBXFrameworksBuildPhase section */

/* Begin PBXGroup section */
		76234DFA2BBE7AA0006ACA2F = {
			isa = PBXGroup;
			children = (
				76234E052BBE7AA0006ACA2F /* GeekReport */,
				76234E042BBE7AA0006ACA2F /* Products */,
			);
			sourceTree = "<group>";
		};
		76234E042BBE7AA0006ACA2F /* Products */ = {
			isa = PBXGroup;
			children = (
				76234E032BBE7AA0006ACA2F /* GeekReport.app */,
			);
			name = Products;
			sourceTree = "<group>";
		};
		76234E052BBE7AA0006ACA2F /* GeekReport */ = {
			isa = PBXGroup;
			children = (
				76234E582BBF8B75006ACA2F /* Util */,
				76234E432BBEA0BC006ACA2F /* Tab */,
				76234E302BBE9485006ACA2F /* Setting */,
				76234E2F2BBE9480006ACA2F /* MyList */,
				76234E2E2BBE947A006ACA2F /* Search */,
				76234E2D2BBE9476006ACA2F /* Home */,
				76234E282BBE938C006ACA2F /* Extension */,
				76234E062BBE7AA0006ACA2F /* AppDelegate.swift */,
				76234E082BBE7AA0006ACA2F /* SceneDelegate.swift */,
				76234E0F2BBE7AA2006ACA2F /* Assets.xcassets */,
				76234E112BBE7AA2006ACA2F /* LaunchScreen.storyboard */,
				76234E142BBE7AA2006ACA2F /* Info.plist */,
				76234E3F2BBE962D006ACA2F /* BaseUIViewController.swift */,
			);
			path = GeekReport;
			sourceTree = "<group>";
		};
		76234E282BBE938C006ACA2F /* Extension */ = {
			isa = PBXGroup;
			children = (
				76234E292BBE9398006ACA2F /* UITabBarController+Extension.swift */,
				76234E562BBF8B63006ACA2F /* UIView+Extension.swift */,
			);
			path = Extension;
			sourceTree = "<group>";
		};
		76234E2D2BBE9476006ACA2F /* Home */ = {
			isa = PBXGroup;
			children = (
				76234E312BBE94A0006ACA2F /* HomeNavigationViewController.swift */,
				76234E1A2BBE7AE5006ACA2F /* HomeViewController.swift */,
			);
			path = Home;
			sourceTree = "<group>";
		};
		76234E2E2BBE947A006ACA2F /* Search */ = {
			isa = PBXGroup;
			children = (
				76234E352BBE94C7006ACA2F /* SearchNavigationViewController.swift */,
				76234E332BBE94B8006ACA2F /* SearchViewController.swift */,
			);
			path = Search;
			sourceTree = "<group>";
		};
		76234E2F2BBE9480006ACA2F /* MyList */ = {
			isa = PBXGroup;
			children = (
				76234E372BBE94D1006ACA2F /* MyListNavigationViewController.swift */,
				76234E392BBE94DA006ACA2F /* MyListViewController.swift */,
			);
			path = MyList;
			sourceTree = "<group>";
		};
		76234E302BBE9485006ACA2F /* Setting */ = {
			isa = PBXGroup;
			children = (
				76234E3D2BBE94F2006ACA2F /* SettingNavigationViewController.swift */,
				76234E3B2BBE94E2006ACA2F /* SettingViewController.swift */,
			);
			path = Setting;
			sourceTree = "<group>";
		};
		76234E432BBEA0BC006ACA2F /* Tab */ = {
			isa = PBXGroup;
			children = (
				76234E2B2BBE9462006ACA2F /* TabBarNavigationManager.swift */,
				76234E262BBE9362006ACA2F /* BaseTabBarController.swift */,
				76234E442BBEA0D6006ACA2F /* TabBarAnimatedTransitioning.swift */,
				76234E502BBF878F006ACA2F /* CustomTabItem.swift */,
				76234E522BBF88BC006ACA2F /* CustomItemView.swift */,
				76234E542BBF8A4B006ACA2F /* CustomTabBar.swift */,
			);
			path = Tab;
			sourceTree = "<group>";
		};
		76234E582BBF8B75006ACA2F /* Util */ = {
			isa = PBXGroup;
			children = (
				76234E4E2BBF8596006ACA2F /* DeviceUI.swift */,
			);
			path = Util;
			sourceTree = "<group>";
		};
/* End PBXGroup section */

/* Begin PBXNativeTarget section */
		76234E022BBE7AA0006ACA2F /* GeekReport */ = {
			isa = PBXNativeTarget;
			buildConfigurationList = 76234E172BBE7AA2006ACA2F /* Build configuration list for PBXNativeTarget "GeekReport" */;
			buildPhases = (
				76234DFF2BBE7AA0006ACA2F /* Sources */,
				76234E002BBE7AA0006ACA2F /* Frameworks */,
				76234E012BBE7AA0006ACA2F /* Resources */,
			);
			buildRules = (
			);
			dependencies = (
			);
			name = GeekReport;
			packageProductDependencies = (
				76234E1D2BBE7B63006ACA2F /* SnapKit */,
				76234E202BBE7B78006ACA2F /* Then */,
				76234E472BBF8498006ACA2F /* RxCocoa */,
				76234E492BBF8498006ACA2F /* RxRelay */,
				76234E4C2BBF84EC006ACA2F /* RxGesture */,
			);
			productName = GeekReport;
			productReference = 76234E032BBE7AA0006ACA2F /* GeekReport.app */;
			productType = "com.apple.product-type.application";
		};
/* End PBXNativeTarget section */

/* Begin PBXProject section */
		76234DFB2BBE7AA0006ACA2F /* Project object */ = {
			isa = PBXProject;
			attributes = {
				BuildIndependentTargetsInParallel = 1;
				LastSwiftUpdateCheck = 1520;
				LastUpgradeCheck = 1520;
				TargetAttributes = {
					76234E022BBE7AA0006ACA2F = {
						CreatedOnToolsVersion = 15.2;
					};
				};
			};
			buildConfigurationList = 76234DFE2BBE7AA0006ACA2F /* Build configuration list for PBXProject "GeekReport" */;
			compatibilityVersion = "Xcode 14.0";
			developmentRegion = en;
			hasScannedForEncodings = 0;
			knownRegions = (
				en,
				Base,
			);
			mainGroup = 76234DFA2BBE7AA0006ACA2F;
			packageReferences = (
				76234E1C2BBE7B63006ACA2F /* XCRemoteSwiftPackageReference "SnapKit" */,
				76234E1F2BBE7B78006ACA2F /* XCRemoteSwiftPackageReference "Then" */,
				76234E462BBF8498006ACA2F /* XCRemoteSwiftPackageReference "RxSwift" */,
				76234E4B2BBF84EC006ACA2F /* XCRemoteSwiftPackageReference "RxGesture" */,
			);
			productRefGroup = 76234E042BBE7AA0006ACA2F /* Products */;
			projectDirPath = "";
			projectRoot = "";
			targets = (
				76234E022BBE7AA0006ACA2F /* GeekReport */,
			);
		};
/* End PBXProject section */

/* Begin PBXResourcesBuildPhase section */
		76234E012BBE7AA0006ACA2F /* Resources */ = {
			isa = PBXResourcesBuildPhase;
			buildActionMask = 2147483647;
			files = (
				76234E132BBE7AA2006ACA2F /* LaunchScreen.storyboard in Resources */,
				76234E102BBE7AA2006ACA2F /* Assets.xcassets in Resources */,
			);
			runOnlyForDeploymentPostprocessing = 0;
		};
/* End PBXResourcesBuildPhase section */

/* Begin PBXSourcesBuildPhase section */
		76234DFF2BBE7AA0006ACA2F /* Sources */ = {
			isa = PBXSourcesBuildPhase;
			buildActionMask = 2147483647;
			files = (
				76234E4F2BBF8596006ACA2F /* DeviceUI.swift in Sources */,
				76234E382BBE94D1006ACA2F /* MyListNavigationViewController.swift in Sources */,
				76234E552BBF8A4B006ACA2F /* CustomTabBar.swift in Sources */,
				76234E362BBE94C7006ACA2F /* SearchNavigationViewController.swift in Sources */,
				76234E272BBE9362006ACA2F /* BaseTabBarController.swift in Sources */,
				76234E072BBE7AA0006ACA2F /* AppDelegate.swift in Sources */,
				76234E342BBE94B8006ACA2F /* SearchViewController.swift in Sources */,
				76234E3A2BBE94DA006ACA2F /* MyListViewController.swift in Sources */,
				76234E092BBE7AA0006ACA2F /* SceneDelegate.swift in Sources */,
				76234E2C2BBE9462006ACA2F /* TabBarNavigationManager.swift in Sources */,
				76234E2A2BBE9398006ACA2F /* UITabBarController+Extension.swift in Sources */,
				76234E322BBE94A0006ACA2F /* HomeNavigationViewController.swift in Sources */,
				76234E1B2BBE7AE5006ACA2F /* HomeViewController.swift in Sources */,
				76234E532BBF88BC006ACA2F /* CustomItemView.swift in Sources */,
				76234E402BBE962D006ACA2F /* BaseUIViewController.swift in Sources */,
				76234E452BBEA0D6006ACA2F /* TabBarAnimatedTransitioning.swift in Sources */,
				76234E3C2BBE94E2006ACA2F /* SettingViewController.swift in Sources */,
				76234E3E2BBE94F2006ACA2F /* SettingNavigationViewController.swift in Sources */,
				76234E572BBF8B63006ACA2F /* UIView+Extension.swift in Sources */,
				76234E512BBF878F006ACA2F /* CustomTabItem.swift in Sources */,
			);
			runOnlyForDeploymentPostprocessing = 0;
		};
/* End PBXSourcesBuildPhase section */

/* Begin PBXVariantGroup section */
		76234E112BBE7AA2006ACA2F /* LaunchScreen.storyboard */ = {
			isa = PBXVariantGroup;
			children = (
				76234E122BBE7AA2006ACA2F /* Base */,
			);
			name = LaunchScreen.storyboard;
			sourceTree = "<group>";
		};
/* End PBXVariantGroup section */

/* Begin XCBuildConfiguration section */
		76234E152BBE7AA2006ACA2F /* Debug */ = {
			isa = XCBuildConfiguration;
			buildSettings = {
				ALWAYS_SEARCH_USER_PATHS = NO;
				ASSETCATALOG_COMPILER_GENERATE_SWIFT_ASSET_SYMBOL_EXTENSIONS = YES;
				CLANG_ANALYZER_NONNULL = YES;
				CLANG_ANALYZER_NUMBER_OBJECT_CONVERSION = YES_AGGRESSIVE;
				CLANG_CXX_LANGUAGE_STANDARD = "gnu++20";
				CLANG_ENABLE_MODULES = YES;
				CLANG_ENABLE_OBJC_ARC = YES;
				CLANG_ENABLE_OBJC_WEAK = YES;
				CLANG_WARN_BLOCK_CAPTURE_AUTORELEASING = YES;
				CLANG_WARN_BOOL_CONVERSION = YES;
				CLANG_WARN_COMMA = YES;
				CLANG_WARN_CONSTANT_CONVERSION = YES;
				CLANG_WARN_DEPRECATED_OBJC_IMPLEMENTATIONS = YES;
				CLANG_WARN_DIRECT_OBJC_ISA_USAGE = YES_ERROR;
				CLANG_WARN_DOCUMENTATION_COMMENTS = YES;
				CLANG_WARN_EMPTY_BODY = YES;
				CLANG_WARN_ENUM_CONVERSION = YES;
				CLANG_WARN_INFINITE_RECURSION = YES;
				CLANG_WARN_INT_CONVERSION = YES;
				CLANG_WARN_NON_LITERAL_NULL_CONVERSION = YES;
				CLANG_WARN_OBJC_IMPLICIT_RETAIN_SELF = YES;
				CLANG_WARN_OBJC_LITERAL_CONVERSION = YES;
				CLANG_WARN_OBJC_ROOT_CLASS = YES_ERROR;
				CLANG_WARN_QUOTED_INCLUDE_IN_FRAMEWORK_HEADER = YES;
				CLANG_WARN_RANGE_LOOP_ANALYSIS = YES;
				CLANG_WARN_STRICT_PROTOTYPES = YES;
				CLANG_WARN_SUSPICIOUS_MOVE = YES;
				CLANG_WARN_UNGUARDED_AVAILABILITY = YES_AGGRESSIVE;
				CLANG_WARN_UNREACHABLE_CODE = YES;
				CLANG_WARN__DUPLICATE_METHOD_MATCH = YES;
				COPY_PHASE_STRIP = NO;
				DEBUG_INFORMATION_FORMAT = dwarf;
				ENABLE_STRICT_OBJC_MSGSEND = YES;
				ENABLE_TESTABILITY = YES;
				ENABLE_USER_SCRIPT_SANDBOXING = YES;
				GCC_C_LANGUAGE_STANDARD = gnu17;
				GCC_DYNAMIC_NO_PIC = NO;
				GCC_NO_COMMON_BLOCKS = YES;
				GCC_OPTIMIZATION_LEVEL = 0;
				GCC_PREPROCESSOR_DEFINITIONS = (
					"DEBUG=1",
					"$(inherited)",
				);
				GCC_WARN_64_TO_32_BIT_CONVERSION = YES;
				GCC_WARN_ABOUT_RETURN_TYPE = YES_ERROR;
				GCC_WARN_UNDECLARED_SELECTOR = YES;
				GCC_WARN_UNINITIALIZED_AUTOS = YES_AGGRESSIVE;
				GCC_WARN_UNUSED_FUNCTION = YES;
				GCC_WARN_UNUSED_VARIABLE = YES;
				IPHONEOS_DEPLOYMENT_TARGET = 17.0;
				LOCALIZATION_PREFERS_STRING_CATALOGS = YES;
				MTL_ENABLE_DEBUG_INFO = INCLUDE_SOURCE;
				MTL_FAST_MATH = YES;
				ONLY_ACTIVE_ARCH = YES;
				SDKROOT = iphoneos;
				SWIFT_ACTIVE_COMPILATION_CONDITIONS = "DEBUG $(inherited)";
				SWIFT_OPTIMIZATION_LEVEL = "-Onone";
			};
			name = Debug;
		};
		76234E162BBE7AA2006ACA2F /* Release */ = {
			isa = XCBuildConfiguration;
			buildSettings = {
				ALWAYS_SEARCH_USER_PATHS = NO;
				ASSETCATALOG_COMPILER_GENERATE_SWIFT_ASSET_SYMBOL_EXTENSIONS = YES;
				CLANG_ANALYZER_NONNULL = YES;
				CLANG_ANALYZER_NUMBER_OBJECT_CONVERSION = YES_AGGRESSIVE;
				CLANG_CXX_LANGUAGE_STANDARD = "gnu++20";
				CLANG_ENABLE_MODULES = YES;
				CLANG_ENABLE_OBJC_ARC = YES;
				CLANG_ENABLE_OBJC_WEAK = YES;
				CLANG_WARN_BLOCK_CAPTURE_AUTORELEASING = YES;
				CLANG_WARN_BOOL_CONVERSION = YES;
				CLANG_WARN_COMMA = YES;
				CLANG_WARN_CONSTANT_CONVERSION = YES;
				CLANG_WARN_DEPRECATED_OBJC_IMPLEMENTATIONS = YES;
				CLANG_WARN_DIRECT_OBJC_ISA_USAGE = YES_ERROR;
				CLANG_WARN_DOCUMENTATION_COMMENTS = YES;
				CLANG_WARN_EMPTY_BODY = YES;
				CLANG_WARN_ENUM_CONVERSION = YES;
				CLANG_WARN_INFINITE_RECURSION = YES;
				CLANG_WARN_INT_CONVERSION = YES;
				CLANG_WARN_NON_LITERAL_NULL_CONVERSION = YES;
				CLANG_WARN_OBJC_IMPLICIT_RETAIN_SELF = YES;
				CLANG_WARN_OBJC_LITERAL_CONVERSION = YES;
				CLANG_WARN_OBJC_ROOT_CLASS = YES_ERROR;
				CLANG_WARN_QUOTED_INCLUDE_IN_FRAMEWORK_HEADER = YES;
				CLANG_WARN_RANGE_LOOP_ANALYSIS = YES;
				CLANG_WARN_STRICT_PROTOTYPES = YES;
				CLANG_WARN_SUSPICIOUS_MOVE = YES;
				CLANG_WARN_UNGUARDED_AVAILABILITY = YES_AGGRESSIVE;
				CLANG_WARN_UNREACHABLE_CODE = YES;
				CLANG_WARN__DUPLICATE_METHOD_MATCH = YES;
				COPY_PHASE_STRIP = NO;
				DEBUG_INFORMATION_FORMAT = "dwarf-with-dsym";
				ENABLE_NS_ASSERTIONS = NO;
				ENABLE_STRICT_OBJC_MSGSEND = YES;
				ENABLE_USER_SCRIPT_SANDBOXING = YES;
				GCC_C_LANGUAGE_STANDARD = gnu17;
				GCC_NO_COMMON_BLOCKS = YES;
				GCC_WARN_64_TO_32_BIT_CONVERSION = YES;
				GCC_WARN_ABOUT_RETURN_TYPE = YES_ERROR;
				GCC_WARN_UNDECLARED_SELECTOR = YES;
				GCC_WARN_UNINITIALIZED_AUTOS = YES_AGGRESSIVE;
				GCC_WARN_UNUSED_FUNCTION = YES;
				GCC_WARN_UNUSED_VARIABLE = YES;
				IPHONEOS_DEPLOYMENT_TARGET = 17.0;
				LOCALIZATION_PREFERS_STRING_CATALOGS = YES;
				MTL_ENABLE_DEBUG_INFO = NO;
				MTL_FAST_MATH = YES;
				SDKROOT = iphoneos;
				SWIFT_COMPILATION_MODE = wholemodule;
				VALIDATE_PRODUCT = YES;
			};
			name = Release;
		};
		76234E182BBE7AA2006ACA2F /* Debug */ = {
			isa = XCBuildConfiguration;
			buildSettings = {
				ASSETCATALOG_COMPILER_APPICON_NAME = AppIcon;
				ASSETCATALOG_COMPILER_GLOBAL_ACCENT_COLOR_NAME = AccentColor;
				CODE_SIGN_STYLE = Automatic;
				CURRENT_PROJECT_VERSION = 1;
				DEVELOPMENT_TEAM = 5FG8AK3G25;
				GENERATE_INFOPLIST_FILE = YES;
				INFOPLIST_FILE = GeekReport/Info.plist;
				INFOPLIST_KEY_UIApplicationSupportsIndirectInputEvents = YES;
				INFOPLIST_KEY_UILaunchStoryboardName = LaunchScreen;
				INFOPLIST_KEY_UISupportedInterfaceOrientations = UIInterfaceOrientationPortrait;
				LD_RUNPATH_SEARCH_PATHS = (
					"$(inherited)",
					"@executable_path/Frameworks",
				);
				MARKETING_VERSION = 1.0;
				PRODUCT_BUNDLE_IDENTIFIER = com.sookim.GeekReport;
				PRODUCT_NAME = "$(TARGET_NAME)";
				SUPPORTED_PLATFORMS = "iphoneos iphonesimulator";
				SUPPORTS_MACCATALYST = NO;
				SUPPORTS_MAC_DESIGNED_FOR_IPHONE_IPAD = NO;
				SUPPORTS_XR_DESIGNED_FOR_IPHONE_IPAD = NO;
				SWIFT_EMIT_LOC_STRINGS = YES;
				SWIFT_VERSION = 5.0;
				TARGETED_DEVICE_FAMILY = "1,2";
			};
			name = Debug;
		};
		76234E192BBE7AA2006ACA2F /* Release */ = {
			isa = XCBuildConfiguration;
			buildSettings = {
				ASSETCATALOG_COMPILER_APPICON_NAME = AppIcon;
				ASSETCATALOG_COMPILER_GLOBAL_ACCENT_COLOR_NAME = AccentColor;
				CODE_SIGN_STYLE = Automatic;
				CURRENT_PROJECT_VERSION = 1;
				DEVELOPMENT_TEAM = 5FG8AK3G25;
				GENERATE_INFOPLIST_FILE = YES;
				INFOPLIST_FILE = GeekReport/Info.plist;
				INFOPLIST_KEY_UIApplicationSupportsIndirectInputEvents = YES;
				INFOPLIST_KEY_UILaunchStoryboardName = LaunchScreen;
				INFOPLIST_KEY_UISupportedInterfaceOrientations = UIInterfaceOrientationPortrait;
				LD_RUNPATH_SEARCH_PATHS = (
					"$(inherited)",
					"@executable_path/Frameworks",
				);
				MARKETING_VERSION = 1.0;
				PRODUCT_BUNDLE_IDENTIFIER = com.sookim.GeekReport;
				PRODUCT_NAME = "$(TARGET_NAME)";
				SUPPORTED_PLATFORMS = "iphoneos iphonesimulator";
				SUPPORTS_MACCATALYST = NO;
				SUPPORTS_MAC_DESIGNED_FOR_IPHONE_IPAD = NO;
				SUPPORTS_XR_DESIGNED_FOR_IPHONE_IPAD = NO;
				SWIFT_EMIT_LOC_STRINGS = YES;
				SWIFT_VERSION = 5.0;
				TARGETED_DEVICE_FAMILY = "1,2";
			};
			name = Release;
		};
/* End XCBuildConfiguration section */

/* Begin XCConfigurationList section */
		76234DFE2BBE7AA0006ACA2F /* Build configuration list for PBXProject "GeekReport" */ = {
			isa = XCConfigurationList;
			buildConfigurations = (
				76234E152BBE7AA2006ACA2F /* Debug */,
				76234E162BBE7AA2006ACA2F /* Release */,
			);
			defaultConfigurationIsVisible = 0;
			defaultConfigurationName = Release;
		};
		76234E172BBE7AA2006ACA2F /* Build configuration list for PBXNativeTarget "GeekReport" */ = {
			isa = XCConfigurationList;
			buildConfigurations = (
				76234E182BBE7AA2006ACA2F /* Debug */,
				76234E192BBE7AA2006ACA2F /* Release */,
			);
			defaultConfigurationIsVisible = 0;
			defaultConfigurationName = Release;
		};
/* End XCConfigurationList section */

/* Begin XCRemoteSwiftPackageReference section */
		76234E1C2BBE7B63006ACA2F /* XCRemoteSwiftPackageReference "SnapKit" */ = {
			isa = XCRemoteSwiftPackageReference;
			repositoryURL = "https://github.com/SnapKit/SnapKit.git";
			requirement = {
				kind = upToNextMajorVersion;
				minimumVersion = 5.7.1;
			};
		};
		76234E1F2BBE7B78006ACA2F /* XCRemoteSwiftPackageReference "Then" */ = {
			isa = XCRemoteSwiftPackageReference;
			repositoryURL = "https://github.com/devxoul/Then.git";
			requirement = {
				kind = upToNextMajorVersion;
				minimumVersion = 3.0.0;
			};
		};
		76234E462BBF8498006ACA2F /* XCRemoteSwiftPackageReference "RxSwift" */ = {
			isa = XCRemoteSwiftPackageReference;
			repositoryURL = "https://github.com/ReactiveX/RxSwift.git";
			requirement = {
				kind = upToNextMajorVersion;
				minimumVersion = 6.6.0;
			};
		};
		76234E4B2BBF84EC006ACA2F /* XCRemoteSwiftPackageReference "RxGesture" */ = {
			isa = XCRemoteSwiftPackageReference;
			repositoryURL = "https://github.com/RxSwiftCommunity/RxGesture.git";
			requirement = {
				kind = upToNextMajorVersion;
				minimumVersion = 4.0.4;
			};
		};
/* End XCRemoteSwiftPackageReference section */

/* Begin XCSwiftPackageProductDependency section */
		76234E1D2BBE7B63006ACA2F /* SnapKit */ = {
			isa = XCSwiftPackageProductDependency;
			package = 76234E1C2BBE7B63006ACA2F /* XCRemoteSwiftPackageReference "SnapKit" */;
			productName = SnapKit;
		};
		76234E202BBE7B78006ACA2F /* Then */ = {
			isa = XCSwiftPackageProductDependency;
			package = 76234E1F2BBE7B78006ACA2F /* XCRemoteSwiftPackageReference "Then" */;
			productName = Then;
		};
		76234E472BBF8498006ACA2F /* RxCocoa */ = {
			isa = XCSwiftPackageProductDependency;
			package = 76234E462BBF8498006ACA2F /* XCRemoteSwiftPackageReference "RxSwift" */;
			productName = RxCocoa;
		};
		76234E492BBF8498006ACA2F /* RxRelay */ = {
			isa = XCSwiftPackageProductDependency;
			package = 76234E462BBF8498006ACA2F /* XCRemoteSwiftPackageReference "RxSwift" */;
			productName = RxRelay;
		};
		76234E4C2BBF84EC006ACA2F /* RxGesture */ = {
			isa = XCSwiftPackageProductDependency;
			package = 76234E4B2BBF84EC006ACA2F /* XCRemoteSwiftPackageReference "RxGesture" */;
			productName = RxGesture;
		};
/* End XCSwiftPackageProductDependency section */
	};
	rootObject = 76234DFB2BBE7AA0006ACA2F /* Project object */;
}
